
Microsoft Visual Studio Solution File, Format Version 12.00
# Visual Studio Version 17
VisualStudioVersion = 17.9.34728.123
MinimumVisualStudioVersion = 10.0.40219.1
Project("{FAE04EC0-301F-11D3-BF4B-00C04F79EFBC}") = "MVC_Task1", "MVC_Task1\MVC_Task1.csproj", "{6FD137C4-B946-4161-8306-35403D2BD6EB}"
EndProject
Global
	GlobalSection(SolutionConfigurationPlatforms) = preSolution
		Debug|Any CPU = Debug|Any CPU
		Release|Any CPU = Release|Any CPU
	EndGlobalSection
	GlobalSection(ProjectConfigurationPlatforms) = postSolution
		{6FD137C4-B946-4161-8306-35403D2BD6EB}.Debug|Any CPU.ActiveCfg = Debug|Any CPU
		{6FD137C4-B946-4161-8306-35403D2BD6EB}.Debug|Any CPU.Build.0 = Debug|Any CPU
		{6FD137C4-B946-4161-8306-35403D2BD6EB}.Release|Any CPU.ActiveCfg = Release|Any CPU
		{6FD137C4-B946-4161-8306-35403D2BD6EB}.Release|Any CPU.Build.0 = Release|Any CPU
	EndGlobalSection
	GlobalSection(SolutionProperties) = preSolution
		HideSolutionNode = FALSE
	EndGlobalSection
	GlobalSection(ExtensibilityGlobals) = postSolution
		SolutionGuid = {49D628A3-F78E-4F84-ABE5-70CC11E2EB0B}
	EndGlobalSection
EndGlobal
